Microsoft Visual Studio Solution File, Format Version 12.00
# Visual Studio Version 17
VisualStudioVersion = 17.0.32112.339
MinimumVisualStudioVersion = 10.0.40219.1
Project("{11A8DD76-328B-46DF-9F39-F559912D0360}") = "System.IO.FileSystem", "System.IO.FileSystem\System.IO.FileSystem.nfproj", "{94C34547-1E2B-4967-8D1F-F3359460BB6D}"
EndProject
Project("{2150E333-8FDC-42A3-9474-1A3956D46DE8}") = "Solution Items", "Solution Items", "{8B262EE3-4A14-4208-909B-31350360405E}"
	ProjectSection(SolutionItems) = preProject
		nanoFramework.System.IO.FileSystem.nuspec = nanoFramework.System.IO.FileSystem.nuspec
		version.json = version.json
	EndProjectSection
EndProject
Project("{11A8DD76-328B-46DF-9F39-F559912D0360}") = "System.IO.FileSystem.Tests", "tests\System.IO.FileSystem.Tests\System.IO.FileSystem.Tests.nfproj", "{59AF586E-78D2-451C-95B8-B3C0571CFD97}"
EndProject
Global
	GlobalSection(SolutionConfigurationPlatforms) = preSolution
		Debug|Any CPU = Debug|Any CPU
		Release|Any CPU = Release|Any CPU
	EndGlobalSection
	GlobalSection(ProjectConfigurationPlatforms) = postSolution
		{94C34547-1E2B-4967-8D1F-F3359460BB6D}.Debug|Any CPU.ActiveCfg = Debug|Any CPU
		{94C34547-1E2B-4967-8D1F-F3359460BB6D}.Debug|Any CPU.Build.0 = Debug|Any CPU
		{94C34547-1E2B-4967-8D1F-F3359460BB6D}.Debug|Any CPU.Deploy.0 = Debug|Any CPU
		{94C34547-1E2B-4967-8D1F-F3359460BB6D}.Release|Any CPU.ActiveCfg = Release|Any CPU
		{94C34547-1E2B-4967-8D1F-F3359460BB6D}.Release|Any CPU.Build.0 = Release|Any CPU
		{94C34547-1E2B-4967-8D1F-F3359460BB6D}.Release|Any CPU.Deploy.0 = Release|Any CPU
		{59AF586E-78D2-451C-95B8-B3C0571CFD97}.Debug|Any CPU.ActiveCfg = Debug|Any CPU
		{59AF586E-78D2-451C-95B8-B3C0571CFD97}.Debug|Any CPU.Build.0 = Debug|Any CPU
		{59AF586E-78D2-451C-95B8-B3C0571CFD97}.Debug|Any CPU.Deploy.0 = Debug|Any CPU
		{59AF586E-78D2-451C-95B8-B3C0571CFD97}.Release|Any CPU.ActiveCfg = Release|Any CPU
		{59AF586E-78D2-451C-95B8-B3C0571CFD97}.Release|Any CPU.Build.0 = Release|Any CPU
		{59AF586E-78D2-451C-95B8-B3C0571CFD97}.Release|Any CPU.Deploy.0 = Release|Any CPU
	EndGlobalSection
	GlobalSection(SolutionProperties) = preSolution
		HideSolutionNode = FALSE
	EndGlobalSection
	GlobalSection(ExtensibilityGlobals) = postSolution
		SolutionGuid = {870CF46A-69DB-4AE0-9707-74B7E4CCAF30}
	EndGlobalSection
EndGlobal
