{
  "version": 1,
  "dependencies": {
    ".NETnanoFramework,Version=v1.0": {
      "nanoFramework.CoreLibrary": {
        "type": "Direct",
        "requested": "[2.0.0-preview.29, 2.0.0-preview.29]",
        "resolved": "2.0.0-preview.29",
        "contentHash": "7NDp9Sda9FTFBDN//X34r23rJBHUkCvyGvrFh9s5B8H2nMoet4J0OlEOiZRUsEPBXlsNpZFVp+Cd6OSjnLSg5A=="
      },
      "nanoFramework.Runtime.Events": {
        "type": "Direct",
        "requested": "[2.0.0-preview.2, 2.0.0-preview.2]",
        "resolved": "2.0.0-preview.2",
        "contentHash": "2R3UXwVl5UqO9vMtcfUbffQd2bbMTwqHqYgzRKT5Cwh87ZhkCcN2vWDBnFEBdXb92PNocEz/SpeocqqkeYulIw=="
      },
      "nanoFramework.System.IO.Streams": {
        "type": "Direct",
        "requested": "[2.0.0-preview.1, 2.0.0-preview.1]",
        "resolved": "2.0.0-preview.1",
        "contentHash": "JCLDrlrh5hbmL6nlYIY+eWGvyJwN7NgU6lHJfxQ8IhDLw/B08k+iAo/KLXLB2n1bAb4b0zhGeLlJ0P1xZUyDeg=="
      },
      "nanoFramework.System.Text": {
        "type": "Direct",
        "requested": "[2.0.0-preview.1, 2.0.0-preview.1]",
        "resolved": "2.0.0-preview.1",
        "contentHash": "+FZMSc0QPp6GbU63WXCmryKtd/zEkmH51daIV3UIV3t9CUHSg8sK7rkASVrlQ7kGYbgQl02IDbIB/r1hIK1MLw=="
      },
      "Nerdbank.GitVersioning": {
        "type": "Direct",
        "requested": "[3.9.50, 3.9.50]",
        "resolved": "3.9.50",
        "contentHash": "HtOgGF6jZ+WYbXnCUCYPT8Y2d6mIJo9ozjK/FINTRsXdm4Zgv9GehUMa7EFoGQkqrMcDJNOIDwCmENnvXg4UbA=="
      }
    }
  }
}